
Microsoft Visual Studio Solution File, Format Version 12.00
# Visual Studio Version 17
VisualStudioVersion = 17.8.34322.80
MinimumVisualStudioVersion = 10.0.40219.1
Project("{9A19103F-16F7-4668-BE54-9A1E7A4F7556}") = "Scada.Core.Api", "Scada.Core.Api\Scada.Core.Api.csproj", "{0DEE8857-1C1B-40A7-B367-2AEE97D63075}"
EndProject
Project("{9A19103F-16F7-4668-BE54-9A1E7A4F7556}") = "Scada.Component.Configuration", "Scada.Component.Configuration\Scada.Component.Configuration.csproj", "{78101D21-56C2-4538-9A17-5DE14D98889A}"
EndProject
Project("{9A19103F-16F7-4668-BE54-9A1E7A4F7556}") = "Scada.Component.TemperatureSensor", "Scada.Component.TemperatureSensor\Scada.Component.TemperatureSensor.csproj", "{B951652D-E723-4235-956C-FADBBB59B3FC}"
EndProject
Project("{9A19103F-16F7-4668-BE54-9A1E7A4F7556}") = "Scada.Core.Infrastructure", "Scada.Core.Infrastructure\Scada.Core.Infrastructure.csproj", "{850EBBF3-FECA-43D8-97F5-2AA22BDBCF5A}"
EndProject
Project("{9A19103F-16F7-4668-BE54-9A1E7A4F7556}") = "Scada.Component.PressureSensor", "Scada.Component.PressureSensor\Scada.Component.PressureSensor.csproj", "{E80CC7D2-700A-4EC0-AB4D-461E484E7EB7}"
EndProject
Project("{2150E333-8FDC-42A3-9474-1A3956D46DE8}") = "Solution Items", "Solution Items", "{918BD37E-BB32-426F-9A15-CAB541DBB039}"
	ProjectSection(SolutionItems) = preProject
		Readme.md = Readme.md
	EndProjectSection
EndProject
Project("{9A19103F-16F7-4668-BE54-9A1E7A4F7556}") = "Scada.Component.WebUi", "Scada.Component.WebUi\Scada.Component.WebUi.csproj", "{999AC5F4-62F7-4B3F-A69E-4C1B0B9C630B}"
EndProject
Project("{FAE04EC0-301F-11D3-BF4B-00C04F79EFBC}") = "Scada.Core.Api.Models", "Scada.Core.Api.Models\Scada.Core.Api.Models.csproj", "{50EFC881-6444-4CFD-ABBE-6FDDDDCC14A1}"
EndProject
Global
	GlobalSection(SolutionConfigurationPlatforms) = preSolution
		Debug|Any CPU = Debug|Any CPU
		Release|Any CPU = Release|Any CPU
	EndGlobalSection
	GlobalSection(ProjectConfigurationPlatforms) = postSolution
		{0DEE8857-1C1B-40A7-B367-2AEE97D63075}.Debug|Any CPU.ActiveCfg = Debug|Any CPU
		{0DEE8857-1C1B-40A7-B367-2AEE97D63075}.Debug|Any CPU.Build.0 = Debug|Any CPU
		{0DEE8857-1C1B-40A7-B367-2AEE97D63075}.Release|Any CPU.ActiveCfg = Release|Any CPU
		{0DEE8857-1C1B-40A7-B367-2AEE97D63075}.Release|Any CPU.Build.0 = Release|Any CPU
		{78101D21-56C2-4538-9A17-5DE14D98889A}.Debug|Any CPU.ActiveCfg = Debug|Any CPU
		{78101D21-56C2-4538-9A17-5DE14D98889A}.Debug|Any CPU.Build.0 = Debug|Any CPU
		{78101D21-56C2-4538-9A17-5DE14D98889A}.Release|Any CPU.ActiveCfg = Release|Any CPU
		{78101D21-56C2-4538-9A17-5DE14D98889A}.Release|Any CPU.Build.0 = Release|Any CPU
		{B951652D-E723-4235-956C-FADBBB59B3FC}.Debug|Any CPU.ActiveCfg = Debug|Any CPU
		{B951652D-E723-4235-956C-FADBBB59B3FC}.Debug|Any CPU.Build.0 = Debug|Any CPU
		{B951652D-E723-4235-956C-FADBBB59B3FC}.Release|Any CPU.ActiveCfg = Release|Any CPU
		{B951652D-E723-4235-956C-FADBBB59B3FC}.Release|Any CPU.Build.0 = Release|Any CPU
		{850EBBF3-FECA-43D8-97F5-2AA22BDBCF5A}.Debug|Any CPU.ActiveCfg = Debug|Any CPU
		{850EBBF3-FECA-43D8-97F5-2AA22BDBCF5A}.Debug|Any CPU.Build.0 = Debug|Any CPU
		{850EBBF3-FECA-43D8-97F5-2AA22BDBCF5A}.Release|Any CPU.ActiveCfg = Release|Any CPU
		{850EBBF3-FECA-43D8-97F5-2AA22BDBCF5A}.Release|Any CPU.Build.0 = Release|Any CPU
		{E80CC7D2-700A-4EC0-AB4D-461E484E7EB7}.Debug|Any CPU.ActiveCfg = Debug|Any CPU
		{E80CC7D2-700A-4EC0-AB4D-461E484E7EB7}.Debug|Any CPU.Build.0 = Debug|Any CPU
		{E80CC7D2-700A-4EC0-AB4D-461E484E7EB7}.Release|Any CPU.ActiveCfg = Release|Any CPU
		{E80CC7D2-700A-4EC0-AB4D-461E484E7EB7}.Release|Any CPU.Build.0 = Release|Any CPU
		{999AC5F4-62F7-4B3F-A69E-4C1B0B9C630B}.Debug|Any CPU.ActiveCfg = Debug|Any CPU
		{999AC5F4-62F7-4B3F-A69E-4C1B0B9C630B}.Debug|Any CPU.Build.0 = Debug|Any CPU
		{999AC5F4-62F7-4B3F-A69E-4C1B0B9C630B}.Release|Any CPU.ActiveCfg = Release|Any CPU
		{999AC5F4-62F7-4B3F-A69E-4C1B0B9C630B}.Release|Any CPU.Build.0 = Release|Any CPU
		{50EFC881-6444-4CFD-ABBE-6FDDDDCC14A1}.Debug|Any CPU.ActiveCfg = Debug|Any CPU
		{50EFC881-6444-4CFD-ABBE-6FDDDDCC14A1}.Debug|Any CPU.Build.0 = Debug|Any CPU
		{50EFC881-6444-4CFD-ABBE-6FDDDDCC14A1}.Release|Any CPU.ActiveCfg = Release|Any CPU
		{50EFC881-6444-4CFD-ABBE-6FDDDDCC14A1}.Release|Any CPU.Build.0 = Release|Any CPU
	EndGlobalSection
	GlobalSection(SolutionProperties) = preSolution
		HideSolutionNode = FALSE
	EndGlobalSection
	GlobalSection(ExtensibilityGlobals) = postSolution
		SolutionGuid = {56EEB251-70CB-421A-A7B2-F81102A3BEEB}
	EndGlobalSection
EndGlobal
